
Microsoft Visual Studio Solution File, Format Version 12.00
# Visual Studio Version 16
VisualStudioVersion = 16.0.31205.134
MinimumVisualStudioVersion = 10.0.40219.1
Project("{FAE04EC0-301F-11D3-BF4B-00C04F79EFBC}") = "CPresentacion", "CPresentacion\CPresentacion.csproj", "{ADB57EBD-3867-464E-9DD8-FEDBA8AA5E99}"
EndProject
Project("{FAE04EC0-301F-11D3-BF4B-00C04F79EFBC}") = "CNegocio", "CNegocio\CNegocio.csproj", "{BE1DC0E2-1145-4FA9-859A-78D4F8F8C0D2}"
EndProject
Project("{FAE04EC0-301F-11D3-BF4B-00C04F79EFBC}") = "CDatos", "CDatos\CDatos.csproj", "{1D7BB094-CFE2-4A01-82DA-32C3C51C218D}"
EndProject
Project("{FAE04EC0-301F-11D3-BF4B-00C04F79EFBC}") = "CEntidades", "CEntidades\CEntidades.csproj", "{D5F5BD5C-B284-490B-9589-BE96519A6BEA}"
EndProject
Global
	GlobalSection(SolutionConfigurationPlatforms) = preSolution
		Debug|Any CPU = Debug|Any CPU
		Release|Any CPU = Release|Any CPU
	EndGlobalSection
	GlobalSection(ProjectConfigurationPlatforms) = postSolution
		{ADB57EBD-3867-464E-9DD8-FEDBA8AA5E99}.Debug|Any CPU.ActiveCfg = Debug|Any CPU
		{ADB57EBD-3867-464E-9DD8-FEDBA8AA5E99}.Debug|Any CPU.Build.0 = Debug|Any CPU
		{ADB57EBD-3867-464E-9DD8-FEDBA8AA5E99}.Release|Any CPU.ActiveCfg = Release|Any CPU
		{ADB57EBD-3867-464E-9DD8-FEDBA8AA5E99}.Release|Any CPU.Build.0 = Release|Any CPU
		{BE1DC0E2-1145-4FA9-859A-78D4F8F8C0D2}.Debug|Any CPU.ActiveCfg = Debug|Any CPU
		{BE1DC0E2-1145-4FA9-859A-78D4F8F8C0D2}.Debug|Any CPU.Build.0 = Debug|Any CPU
		{BE1DC0E2-1145-4FA9-859A-78D4F8F8C0D2}.Release|Any CPU.ActiveCfg = Release|Any CPU
		{BE1DC0E2-1145-4FA9-859A-78D4F8F8C0D2}.Release|Any CPU.Build.0 = Release|Any CPU
		{1D7BB094-CFE2-4A01-82DA-32C3C51C218D}.Debug|Any CPU.ActiveCfg = Debug|Any CPU
		{1D7BB094-CFE2-4A01-82DA-32C3C51C218D}.Debug|Any CPU.Build.0 = Debug|Any CPU
		{1D7BB094-CFE2-4A01-82DA-32C3C51C218D}.Release|Any CPU.ActiveCfg = Release|Any CPU
		{1D7BB094-CFE2-4A01-82DA-32C3C51C218D}.Release|Any CPU.Build.0 = Release|Any CPU
		{D5F5BD5C-B284-490B-9589-BE96519A6BEA}.Debug|Any CPU.ActiveCfg = Debug|Any CPU
		{D5F5BD5C-B284-490B-9589-BE96519A6BEA}.Debug|Any CPU.Build.0 = Debug|Any CPU
		{D5F5BD5C-B284-490B-9589-BE96519A6BEA}.Release|Any CPU.ActiveCfg = Release|Any CPU
		{D5F5BD5C-B284-490B-9589-BE96519A6BEA}.Release|Any CPU.Build.0 = Release|Any CPU
	EndGlobalSection
	GlobalSection(SolutionProperties) = preSolution
		HideSolutionNode = FALSE
	EndGlobalSection
	GlobalSection(ExtensibilityGlobals) = postSolution
		SolutionGuid = {D5109A96-5636-49EC-B8DC-8DE410382FE7}
	EndGlobalSection
EndGlobal
